{
  "name": "mklapse",
  "version": "1.0.0",
  "lockfileVersion": 1,
  "requires": true,
  "dependencies": {
    "bar-charts": {
      "version": "1.0.2",
      "resolved": "https://registry.npmjs.org/bar-charts/-/bar-charts-1.0.2.tgz",
      "integrity": "sha512-OaJenW7oIJ3b8qr9fUAJcPIYT4Kb/jXlvyiCXaubKYT0jLl4yS/OaG1tBoIM7czNoRAcYxhRUhMQEj/FPEupLw=="
    }
  }
}
